
Microsoft Visual Studio Solution File, Format Version 12.00
# Visual Studio Version 17
VisualStudioVersion = 17.0.31903.59
MinimumVisualStudioVersion = 10.0.40219.1
Project("{FAE04EC0-301F-11D3-BF4B-00C04F79EFBC}") = "MovieApp.Core", "MovieApp.Core\MovieApp.Core.csproj", "{74A1D7D2-4D74-4D94-A5B2-585F7B0F398E}"
EndProject
Project("{FAE04EC0-301F-11D3-BF4B-00C04F79EFBC}") = "MovieApp.UI", "MovieApp.UI\MovieApp.UI.csproj", "{AA81B449-3BA3-4D61-A31E-97C0263DEF38}"
EndProject
Project("{FAE04EC0-301F-11D3-BF4B-00C04F79EFBC}") = "MovieApp.Tests", "MovieApp.Tests\MovieApp.Tests.csproj", "{40BE99A0-47C3-441F-B479-9987A2826801}"
EndProject
Global
	GlobalSection(SolutionConfigurationPlatforms) = preSolution
		Debug|Any CPU = Debug|Any CPU
		Debug|x64 = Debug|x64
		Debug|x86 = Debug|x86
		Release|Any CPU = Release|Any CPU
		Release|x64 = Release|x64
		Release|x86 = Release|x86
	EndGlobalSection
	GlobalSection(ProjectConfigurationPlatforms) = postSolution
		{74A1D7D2-4D74-4D94-A5B2-585F7B0F398E}.Debug|Any CPU.ActiveCfg = Debug|Any CPU
		{74A1D7D2-4D74-4D94-A5B2-585F7B0F398E}.Debug|Any CPU.Build.0 = Debug|Any CPU
		{74A1D7D2-4D74-4D94-A5B2-585F7B0F398E}.Debug|x64.ActiveCfg = Debug|Any CPU
		{74A1D7D2-4D74-4D94-A5B2-585F7B0F398E}.Debug|x64.Build.0 = Debug|Any CPU
		{74A1D7D2-4D74-4D94-A5B2-585F7B0F398E}.Debug|x86.ActiveCfg = Debug|Any CPU
		{74A1D7D2-4D74-4D94-A5B2-585F7B0F398E}.Debug|x86.Build.0 = Debug|Any CPU
		{74A1D7D2-4D74-4D94-A5B2-585F7B0F398E}.Release|Any CPU.ActiveCfg = Release|Any CPU
		{74A1D7D2-4D74-4D94-A5B2-585F7B0F398E}.Release|Any CPU.Build.0 = Release|Any CPU
		{74A1D7D2-4D74-4D94-A5B2-585F7B0F398E}.Release|x64.ActiveCfg = Release|Any CPU
		{74A1D7D2-4D74-4D94-A5B2-585F7B0F398E}.Release|x64.Build.0 = Release|Any CPU
		{74A1D7D2-4D74-4D94-A5B2-585F7B0F398E}.Release|x86.ActiveCfg = Release|Any CPU
		{74A1D7D2-4D74-4D94-A5B2-585F7B0F398E}.Release|x86.Build.0 = Release|Any CPU
		{AA81B449-3BA3-4D61-A31E-97C0263DEF38}.Debug|Any CPU.ActiveCfg = Debug|x86
		{AA81B449-3BA3-4D61-A31E-97C0263DEF38}.Debug|Any CPU.Build.0 = Debug|x86
		{AA81B449-3BA3-4D61-A31E-97C0263DEF38}.Debug|x64.ActiveCfg = Debug|x64
		{AA81B449-3BA3-4D61-A31E-97C0263DEF38}.Debug|x64.Build.0 = Debug|x64
		{AA81B449-3BA3-4D61-A31E-97C0263DEF38}.Debug|x86.ActiveCfg = Debug|x86
		{AA81B449-3BA3-4D61-A31E-97C0263DEF38}.Debug|x86.Build.0 = Debug|x86
		{AA81B449-3BA3-4D61-A31E-97C0263DEF38}.Release|Any CPU.ActiveCfg = Release|x86
		{AA81B449-3BA3-4D61-A31E-97C0263DEF38}.Release|Any CPU.Build.0 = Release|x86
		{AA81B449-3BA3-4D61-A31E-97C0263DEF38}.Release|x64.ActiveCfg = Release|x64
		{AA81B449-3BA3-4D61-A31E-97C0263DEF38}.Release|x64.Build.0 = Release|x64
		{AA81B449-3BA3-4D61-A31E-97C0263DEF38}.Release|x86.ActiveCfg = Release|x86
		{AA81B449-3BA3-4D61-A31E-97C0263DEF38}.Release|x86.Build.0 = Release|x86
		{40BE99A0-47C3-441F-B479-9987A2826801}.Debug|Any CPU.ActiveCfg = Debug|Any CPU
		{40BE99A0-47C3-441F-B479-9987A2826801}.Debug|Any CPU.Build.0 = Debug|Any CPU
		{40BE99A0-47C3-441F-B479-9987A2826801}.Debug|x64.ActiveCfg = Debug|Any CPU
		{40BE99A0-47C3-441F-B479-9987A2826801}.Debug|x64.Build.0 = Debug|Any CPU
		{40BE99A0-47C3-441F-B479-9987A2826801}.Debug|x86.ActiveCfg = Debug|Any CPU
		{40BE99A0-47C3-441F-B479-9987A2826801}.Debug|x86.Build.0 = Debug|Any CPU
		{40BE99A0-47C3-441F-B479-9987A2826801}.Release|Any CPU.ActiveCfg = Release|Any CPU
		{40BE99A0-47C3-441F-B479-9987A2826801}.Release|Any CPU.Build.0 = Release|Any CPU
		{40BE99A0-47C3-441F-B479-9987A2826801}.Release|x64.ActiveCfg = Release|Any CPU
		{40BE99A0-47C3-441F-B479-9987A2826801}.Release|x64.Build.0 = Release|Any CPU
		{40BE99A0-47C3-441F-B479-9987A2826801}.Release|x86.ActiveCfg = Release|Any CPU
		{40BE99A0-47C3-441F-B479-9987A2826801}.Release|x86.Build.0 = Release|Any CPU
	EndGlobalSection
	GlobalSection(SolutionProperties) = preSolution
		HideSolutionNode = FALSE
	EndGlobalSection
EndGlobal
